Microsoft Visual Studio Solution File, Format Version 12.00
# Visual Studio Version 17
VisualStudioVersion = 17.0.31611.283
MinimumVisualStudioVersion = 10.0.40219.1
Project("{9A19103F-16F7-4668-BE54-9A1E7A4F7556}") = "UI", "UI\UI.csproj", "{F777D036-7871-47F4-9E2C-446960406BBA}"
EndProject
Project("{9A19103F-16F7-4668-BE54-9A1E7A4F7556}") = "Web.Server", "Web\Server\Web.Server.csproj", "{2BFA97AE-971A-49FF-AFFE-4710D6A0EB1A}"
EndProject
Project("{9A19103F-16F7-4668-BE54-9A1E7A4F7556}") = "Web.Client", "Web\Client\Web.Client.csproj", "{875F10E9-9BF3-4DD6-9E25-8D58B8149917}"
EndProject
Project("{9A19103F-16F7-4668-BE54-9A1E7A4F7556}") = "Identity", "Identity\Identity.csproj", "{ED6F78CE-167C-4912-A403-DEFDBB44486E}"
EndProject
Project("{2150E333-8FDC-42A3-9474-1A3956D46DE8}") = "Solution Items", "Solution Items", "{EA475FE9-B1C5-4ED1-BBEA-80D95DA62CA0}"
	ProjectSection(SolutionItems) = preProject
		.editorconfig = .editorconfig
	EndProjectSection
EndProject
Project("{9A19103F-16F7-4668-BE54-9A1E7A4F7556}") = "Common", "Common\Common.csproj", "{00840973-CE20-4247-9505-007A4F763B43}"
EndProject
Global
	GlobalSection(SolutionConfigurationPlatforms) = preSolution
		Debug|Any CPU = Debug|Any CPU
		Release|Any CPU = Release|Any CPU
	EndGlobalSection
	GlobalSection(ProjectConfigurationPlatforms) = postSolution
		{F777D036-7871-47F4-9E2C-446960406BBA}.Debug|Any CPU.ActiveCfg = Debug|Any CPU
		{F777D036-7871-47F4-9E2C-446960406BBA}.Debug|Any CPU.Build.0 = Debug|Any CPU
		{F777D036-7871-47F4-9E2C-446960406BBA}.Release|Any CPU.ActiveCfg = Release|Any CPU
		{F777D036-7871-47F4-9E2C-446960406BBA}.Release|Any CPU.Build.0 = Release|Any CPU
		{2BFA97AE-971A-49FF-AFFE-4710D6A0EB1A}.Debug|Any CPU.ActiveCfg = Debug|Any CPU
		{2BFA97AE-971A-49FF-AFFE-4710D6A0EB1A}.Debug|Any CPU.Build.0 = Debug|Any CPU
		{2BFA97AE-971A-49FF-AFFE-4710D6A0EB1A}.Release|Any CPU.ActiveCfg = Release|Any CPU
		{2BFA97AE-971A-49FF-AFFE-4710D6A0EB1A}.Release|Any CPU.Build.0 = Release|Any CPU
		{875F10E9-9BF3-4DD6-9E25-8D58B8149917}.Debug|Any CPU.ActiveCfg = Debug|Any CPU
		{875F10E9-9BF3-4DD6-9E25-8D58B8149917}.Debug|Any CPU.Build.0 = Debug|Any CPU
		{875F10E9-9BF3-4DD6-9E25-8D58B8149917}.Release|Any CPU.ActiveCfg = Release|Any CPU
		{875F10E9-9BF3-4DD6-9E25-8D58B8149917}.Release|Any CPU.Build.0 = Release|Any CPU
		{ED6F78CE-167C-4912-A403-DEFDBB44486E}.Debug|Any CPU.ActiveCfg = Debug|Any CPU
		{ED6F78CE-167C-4912-A403-DEFDBB44486E}.Debug|Any CPU.Build.0 = Debug|Any CPU
		{ED6F78CE-167C-4912-A403-DEFDBB44486E}.Release|Any CPU.ActiveCfg = Release|Any CPU
		{ED6F78CE-167C-4912-A403-DEFDBB44486E}.Release|Any CPU.Build.0 = Release|Any CPU
		{00840973-CE20-4247-9505-007A4F763B43}.Debug|Any CPU.ActiveCfg = Debug|Any CPU
		{00840973-CE20-4247-9505-007A4F763B43}.Debug|Any CPU.Build.0 = Debug|Any CPU
		{00840973-CE20-4247-9505-007A4F763B43}.Release|Any CPU.ActiveCfg = Release|Any CPU
		{00840973-CE20-4247-9505-007A4F763B43}.Release|Any CPU.Build.0 = Release|Any CPU
	EndGlobalSection
	GlobalSection(SolutionProperties) = preSolution
		HideSolutionNode = FALSE
	EndGlobalSection
	GlobalSection(ExtensibilityGlobals) = postSolution
		SolutionGuid = {61F7FB11-1E47-470C-91E2-47F8143E1572}
	EndGlobalSection
EndGlobal
