Microsoft Visual Studio Solution File, Format Version 12.00
# Visual Studio Version 17
VisualStudioVersion = 17.0.31611.283
MinimumVisualStudioVersion = 10.0.40219.1
Project("{9A19103F-16F7-4668-BE54-9A1E7A4F7556}") = "API", "API\API.csproj", "{1F25E976-F5FC-444F-983C-7BF35D76AAA6}"
EndProject
Project("{9A19103F-16F7-4668-BE54-9A1E7A4F7556}") = "UI", "UI\UI.csproj", "{F777D036-7871-47F4-9E2C-446960406BBA}"
EndProject
Project("{9A19103F-16F7-4668-BE54-9A1E7A4F7556}") = "Web.Server", "Web\Server\Web.Server.csproj", "{2BFA97AE-971A-49FF-AFFE-4710D6A0EB1A}"
	ProjectSection(ProjectDependencies) = postProject
		{716DDED6-FD30-49EA-92DB-A91456DF33E2} = {716DDED6-FD30-49EA-92DB-A91456DF33E2}
	EndProjectSection
EndProject
Project("{9A19103F-16F7-4668-BE54-9A1E7A4F7556}") = "Web.Client", "Web\Client\Web.Client.csproj", "{875F10E9-9BF3-4DD6-9E25-8D58B8149917}"
	ProjectSection(ProjectDependencies) = postProject
		{716DDED6-FD30-49EA-92DB-A91456DF33E2} = {716DDED6-FD30-49EA-92DB-A91456DF33E2}
	EndProjectSection
EndProject
Project("{9A19103F-16F7-4668-BE54-9A1E7A4F7556}") = "Shared", "Shared\Shared.csproj", "{716DDED6-FD30-49EA-92DB-A91456DF33E2}"
EndProject
Project("{FAE04EC0-301F-11D3-BF4B-00C04F79EFBC}") = "Identity", "Identity\Identity.csproj", "{ED6F78CE-167C-4912-A403-DEFDBB44486E}"
EndProject
Global
	GlobalSection(SolutionConfigurationPlatforms) = preSolution
		Debug|Any CPU = Debug|Any CPU
		Release|Any CPU = Release|Any CPU
	EndGlobalSection
	GlobalSection(ProjectConfigurationPlatforms) = postSolution
		{1F25E976-F5FC-444F-983C-7BF35D76AAA6}.Debug|Any CPU.ActiveCfg = Debug|Any CPU
		{1F25E976-F5FC-444F-983C-7BF35D76AAA6}.Debug|Any CPU.Build.0 = Debug|Any CPU
		{1F25E976-F5FC-444F-983C-7BF35D76AAA6}.Release|Any CPU.ActiveCfg = Release|Any CPU
		{1F25E976-F5FC-444F-983C-7BF35D76AAA6}.Release|Any CPU.Build.0 = Release|Any CPU
		{F777D036-7871-47F4-9E2C-446960406BBA}.Debug|Any CPU.ActiveCfg = Debug|Any CPU
		{F777D036-7871-47F4-9E2C-446960406BBA}.Debug|Any CPU.Build.0 = Debug|Any CPU
		{F777D036-7871-47F4-9E2C-446960406BBA}.Release|Any CPU.ActiveCfg = Release|Any CPU
		{F777D036-7871-47F4-9E2C-446960406BBA}.Release|Any CPU.Build.0 = Release|Any CPU
		{2BFA97AE-971A-49FF-AFFE-4710D6A0EB1A}.Debug|Any CPU.ActiveCfg = Debug|Any CPU
		{2BFA97AE-971A-49FF-AFFE-4710D6A0EB1A}.Debug|Any CPU.Build.0 = Debug|Any CPU
		{2BFA97AE-971A-49FF-AFFE-4710D6A0EB1A}.Release|Any CPU.ActiveCfg = Release|Any CPU
		{2BFA97AE-971A-49FF-AFFE-4710D6A0EB1A}.Release|Any CPU.Build.0 = Release|Any CPU
		{875F10E9-9BF3-4DD6-9E25-8D58B8149917}.Debug|Any CPU.ActiveCfg = Debug|Any CPU
		{875F10E9-9BF3-4DD6-9E25-8D58B8149917}.Debug|Any CPU.Build.0 = Debug|Any CPU
		{875F10E9-9BF3-4DD6-9E25-8D58B8149917}.Release|Any CPU.ActiveCfg = Release|Any CPU
		{875F10E9-9BF3-4DD6-9E25-8D58B8149917}.Release|Any CPU.Build.0 = Release|Any CPU
		{716DDED6-FD30-49EA-92DB-A91456DF33E2}.Debug|Any CPU.ActiveCfg = Debug|Any CPU
		{716DDED6-FD30-49EA-92DB-A91456DF33E2}.Debug|Any CPU.Build.0 = Debug|Any CPU
		{716DDED6-FD30-49EA-92DB-A91456DF33E2}.Release|Any CPU.ActiveCfg = Release|Any CPU
		{716DDED6-FD30-49EA-92DB-A91456DF33E2}.Release|Any CPU.Build.0 = Release|Any CPU
		{ED6F78CE-167C-4912-A403-DEFDBB44486E}.Debug|Any CPU.ActiveCfg = Debug|Any CPU
		{ED6F78CE-167C-4912-A403-DEFDBB44486E}.Debug|Any CPU.Build.0 = Debug|Any CPU
		{ED6F78CE-167C-4912-A403-DEFDBB44486E}.Release|Any CPU.ActiveCfg = Release|Any CPU
		{ED6F78CE-167C-4912-A403-DEFDBB44486E}.Release|Any CPU.Build.0 = Release|Any CPU
	EndGlobalSection
	GlobalSection(SolutionProperties) = preSolution
		HideSolutionNode = FALSE
	EndGlobalSection
	GlobalSection(ExtensibilityGlobals) = postSolution
		SolutionGuid = {61F7FB11-1E47-470C-91E2-47F8143E1572}
	EndGlobalSection
EndGlobal
