Microsoft Visual Studio Solution File, Format Version 12.00
# Visual Studio Version 17
VisualStudioVersion = 17.0.31611.283
MinimumVisualStudioVersion = 10.0.40219.1
Project("{9A19103F-16F7-4668-BE54-9A1E7A4F7556}") = "API", "API\API.csproj", "{1F25E976-F5FC-444F-983C-7BF35D76AAA6}"
EndProject
Project("{9A19103F-16F7-4668-BE54-9A1E7A4F7556}") = "UI", "UI\UI.csproj", "{F777D036-7871-47F4-9E2C-446960406BBA}"
EndProject
Project("{9A19103F-16F7-4668-BE54-9A1E7A4F7556}") = "Web", "Web\Web.csproj", "{054D25AB-C015-4F16-9018-9058F898AD1E}"
	ProjectSection(ProjectDependencies) = postProject
		{F777D036-7871-47F4-9E2C-446960406BBA} = {F777D036-7871-47F4-9E2C-446960406BBA}
	EndProjectSection
EndProject
Project("{9A19103F-16F7-4668-BE54-9A1E7A4F7556}") = "Shared", "Shared\Shared.csproj", "{78AE2D16-C649-4576-933F-3BE178EFEAC5}"
EndProject
Global
	GlobalSection(SolutionConfigurationPlatforms) = preSolution
		Debug|Any CPU = Debug|Any CPU
		Release|Any CPU = Release|Any CPU
	EndGlobalSection
	GlobalSection(ProjectConfigurationPlatforms) = postSolution
		{1F25E976-F5FC-444F-983C-7BF35D76AAA6}.Debug|Any CPU.ActiveCfg = Debug|Any CPU
		{1F25E976-F5FC-444F-983C-7BF35D76AAA6}.Debug|Any CPU.Build.0 = Debug|Any CPU
		{1F25E976-F5FC-444F-983C-7BF35D76AAA6}.Release|Any CPU.ActiveCfg = Release|Any CPU
		{1F25E976-F5FC-444F-983C-7BF35D76AAA6}.Release|Any CPU.Build.0 = Release|Any CPU
		{F777D036-7871-47F4-9E2C-446960406BBA}.Debug|Any CPU.ActiveCfg = Debug|Any CPU
		{F777D036-7871-47F4-9E2C-446960406BBA}.Debug|Any CPU.Build.0 = Debug|Any CPU
		{F777D036-7871-47F4-9E2C-446960406BBA}.Release|Any CPU.ActiveCfg = Release|Any CPU
		{F777D036-7871-47F4-9E2C-446960406BBA}.Release|Any CPU.Build.0 = Release|Any CPU
		{054D25AB-C015-4F16-9018-9058F898AD1E}.Debug|Any CPU.ActiveCfg = Debug|Any CPU
		{054D25AB-C015-4F16-9018-9058F898AD1E}.Debug|Any CPU.Build.0 = Debug|Any CPU
		{054D25AB-C015-4F16-9018-9058F898AD1E}.Release|Any CPU.ActiveCfg = Release|Any CPU
		{054D25AB-C015-4F16-9018-9058F898AD1E}.Release|Any CPU.Build.0 = Release|Any CPU
		{78AE2D16-C649-4576-933F-3BE178EFEAC5}.Debug|Any CPU.ActiveCfg = Debug|Any CPU
		{78AE2D16-C649-4576-933F-3BE178EFEAC5}.Debug|Any CPU.Build.0 = Debug|Any CPU
		{78AE2D16-C649-4576-933F-3BE178EFEAC5}.Release|Any CPU.ActiveCfg = Release|Any CPU
		{78AE2D16-C649-4576-933F-3BE178EFEAC5}.Release|Any CPU.Build.0 = Release|Any CPU
	EndGlobalSection
	GlobalSection(SolutionProperties) = preSolution
		HideSolutionNode = FALSE
	EndGlobalSection
	GlobalSection(ExtensibilityGlobals) = postSolution
		SolutionGuid = {61F7FB11-1E47-470C-91E2-47F8143E1572}
	EndGlobalSection
EndGlobal
